
Microsoft Visual Studio Solution File, Format Version 12.00
# Visual Studio 14
VisualStudioVersion = 14.0.25420.1
MinimumVisualStudioVersion = 10.0.40219.1
Project("{FAE04EC0-301F-11D3-BF4B-00C04F79EFBC}") = "Zadatak1Main", "Zadatak1\Zadatak1Main\Zadatak1Main.csproj", "{1F4F4345-7230-4CBF-83ED-CA85BA1D9180}"
EndProject
Project("{FAE04EC0-301F-11D3-BF4B-00C04F79EFBC}") = "Models", "Zadatak1\Models\Models.csproj", "{73720F54-E132-48D4-BF9C-27C954453F36}"
EndProject
Project("{FAE04EC0-301F-11D3-BF4B-00C04F79EFBC}") = "Interfaces", "Zadatak1\Interfaces\Interfaces.csproj", "{349E9794-679C-4096-B0FA-1DEB94AACF6F}"
EndProject
Project("{2150E333-8FDC-42A3-9474-1A3956D46DE8}") = "Zadatak1", "Zadatak1", "{24074F10-4236-46EF-983C-A3D79B648F7D}"
EndProject
Project("{FAE04EC0-301F-11D3-BF4B-00C04F79EFBC}") = "Repositories", "Zadatak1\Repositories\Repositories.csproj", "{225D2C0B-E6B8-4489-ADB1-EE66CAC583DC}"
EndProject
Project("{FAE04EC0-301F-11D3-BF4B-00C04F79EFBC}") = "RepositoriesTests", "Zadatak2\RepositoriesTests\RepositoriesTests.csproj", "{A1AB3016-F2F4-4C41-AAEB-846EE76EAC7B}"
EndProject
Project("{2150E333-8FDC-42A3-9474-1A3956D46DE8}") = "Zadatak2", "Zadatak2", "{E2386DBF-CB83-4F5E-AF51-2098CC983EC7}"
EndProject
Project("{2150E333-8FDC-42A3-9474-1A3956D46DE8}") = "Zadatak3", "Zadatak3", "{8DCFF3A2-7F37-413F-A17A-E694CDE3C967}"
EndProject
Project("{FAE04EC0-301F-11D3-BF4B-00C04F79EFBC}") = "Zadatak3Main", "Zadatak3\Zadatak3Main\Zadatak3Main.csproj", "{F72F1218-F74E-40A4-978B-44F5DE4AE95C}"
EndProject
Project("{2150E333-8FDC-42A3-9474-1A3956D46DE8}") = "Zadatak4", "Zadatak4", "{283ED04E-7DBE-4671-8404-1885CE9468A6}"
EndProject
Project("{FAE04EC0-301F-11D3-BF4B-00C04F79EFBC}") = "Zadatak4Main", "Zadatak4\Zadatak4Main\Zadatak4Main.csproj", "{885A5409-F362-44DF-991D-26394A63831C}"
EndProject
Project("{2150E333-8FDC-42A3-9474-1A3956D46DE8}") = "Zadatak5", "Zadatak5", "{34FA1CAE-3235-4C8C-9637-8DBAACD120B8}"
EndProject
Project("{FAE04EC0-301F-11D3-BF4B-00C04F79EFBC}") = "Zadatak5Main", "Zadatak5\Zadatak5Main\Zadatak5Main.csproj", "{012D6599-F926-4445-821B-B27A883A0990}"
EndProject
Project("{2150E333-8FDC-42A3-9474-1A3956D46DE8}") = "Zadatak6", "Zadatak6", "{73FA63BF-D352-4D77-8E94-43404793EB54}"
EndProject
Project("{FAE04EC0-301F-11D3-BF4B-00C04F79EFBC}") = "Zadatak6Main", "Zadatak6\Zadatak6Main\Zadatak6Main.csproj", "{343D0248-5566-4890-9AAD-EA3AA463B049}"
EndProject
Project("{2150E333-8FDC-42A3-9474-1A3956D46DE8}") = "Zadatak7", "Zadatak7", "{86591302-9A0E-49C4-A8ED-AF05F9D66DE2}"
EndProject
Project("{FAE04EC0-301F-11D3-BF4B-00C04F79EFBC}") = "Zadatak7Main", "Zadatak7\Zadatak7Main\Zadatak7Main.csproj", "{AA4F8409-90E8-4C0A-BEB4-43C8DCABF5AA}"
EndProject
Project("{2150E333-8FDC-42A3-9474-1A3956D46DE8}") = "Zadatak8", "Zadatak8", "{23E19593-E82F-44A8-ACA6-F6ACD069AC87}"
EndProject
Project("{FAE04EC0-301F-11D3-BF4B-00C04F79EFBC}") = "Zadatak8Main", "Zadatak8\Zadatak8Main\Zadatak8Main.csproj", "{692A1F3B-56D3-40AE-8B29-30B4CA74DDDF}"
EndProject
Global
	GlobalSection(SolutionConfigurationPlatforms) = preSolution
		Debug|Any CPU = Debug|Any CPU
		Debug|x86 = Debug|x86
		Release|Any CPU = Release|Any CPU
		Release|x86 = Release|x86
	EndGlobalSection
	GlobalSection(ProjectConfigurationPlatforms) = postSolution
		{1F4F4345-7230-4CBF-83ED-CA85BA1D9180}.Debug|Any CPU.ActiveCfg = Debug|Any CPU
		{1F4F4345-7230-4CBF-83ED-CA85BA1D9180}.Debug|Any CPU.Build.0 = Debug|Any CPU
		{1F4F4345-7230-4CBF-83ED-CA85BA1D9180}.Debug|x86.ActiveCfg = Debug|x86
		{1F4F4345-7230-4CBF-83ED-CA85BA1D9180}.Debug|x86.Build.0 = Debug|x86
		{1F4F4345-7230-4CBF-83ED-CA85BA1D9180}.Release|Any CPU.ActiveCfg = Release|Any CPU
		{1F4F4345-7230-4CBF-83ED-CA85BA1D9180}.Release|Any CPU.Build.0 = Release|Any CPU
		{1F4F4345-7230-4CBF-83ED-CA85BA1D9180}.Release|x86.ActiveCfg = Release|x86
		{1F4F4345-7230-4CBF-83ED-CA85BA1D9180}.Release|x86.Build.0 = Release|x86
		{73720F54-E132-48D4-BF9C-27C954453F36}.Debug|Any CPU.ActiveCfg = Debug|Any CPU
		{73720F54-E132-48D4-BF9C-27C954453F36}.Debug|Any CPU.Build.0 = Debug|Any CPU
		{73720F54-E132-48D4-BF9C-27C954453F36}.Debug|x86.ActiveCfg = Debug|x86
		{73720F54-E132-48D4-BF9C-27C954453F36}.Debug|x86.Build.0 = Debug|x86
		{73720F54-E132-48D4-BF9C-27C954453F36}.Release|Any CPU.ActiveCfg = Release|Any CPU
		{73720F54-E132-48D4-BF9C-27C954453F36}.Release|Any CPU.Build.0 = Release|Any CPU
		{73720F54-E132-48D4-BF9C-27C954453F36}.Release|x86.ActiveCfg = Release|x86
		{73720F54-E132-48D4-BF9C-27C954453F36}.Release|x86.Build.0 = Release|x86
		{349E9794-679C-4096-B0FA-1DEB94AACF6F}.Debug|Any CPU.ActiveCfg = Debug|Any CPU
		{349E9794-679C-4096-B0FA-1DEB94AACF6F}.Debug|Any CPU.Build.0 = Debug|Any CPU
		{349E9794-679C-4096-B0FA-1DEB94AACF6F}.Debug|x86.ActiveCfg = Debug|x86
		{349E9794-679C-4096-B0FA-1DEB94AACF6F}.Debug|x86.Build.0 = Debug|x86
		{349E9794-679C-4096-B0FA-1DEB94AACF6F}.Release|Any CPU.ActiveCfg = Release|Any CPU
		{349E9794-679C-4096-B0FA-1DEB94AACF6F}.Release|Any CPU.Build.0 = Release|Any CPU
		{349E9794-679C-4096-B0FA-1DEB94AACF6F}.Release|x86.ActiveCfg = Release|x86
		{349E9794-679C-4096-B0FA-1DEB94AACF6F}.Release|x86.Build.0 = Release|x86
		{225D2C0B-E6B8-4489-ADB1-EE66CAC583DC}.Debug|Any CPU.ActiveCfg = Debug|Any CPU
		{225D2C0B-E6B8-4489-ADB1-EE66CAC583DC}.Debug|Any CPU.Build.0 = Debug|Any CPU
		{225D2C0B-E6B8-4489-ADB1-EE66CAC583DC}.Debug|x86.ActiveCfg = Debug|x86
		{225D2C0B-E6B8-4489-ADB1-EE66CAC583DC}.Debug|x86.Build.0 = Debug|x86
		{225D2C0B-E6B8-4489-ADB1-EE66CAC583DC}.Release|Any CPU.ActiveCfg = Release|Any CPU
		{225D2C0B-E6B8-4489-ADB1-EE66CAC583DC}.Release|Any CPU.Build.0 = Release|Any CPU
		{225D2C0B-E6B8-4489-ADB1-EE66CAC583DC}.Release|x86.ActiveCfg = Release|x86
		{225D2C0B-E6B8-4489-ADB1-EE66CAC583DC}.Release|x86.Build.0 = Release|x86
		{A1AB3016-F2F4-4C41-AAEB-846EE76EAC7B}.Debug|Any CPU.ActiveCfg = Debug|Any CPU
		{A1AB3016-F2F4-4C41-AAEB-846EE76EAC7B}.Debug|Any CPU.Build.0 = Debug|Any CPU
		{A1AB3016-F2F4-4C41-AAEB-846EE76EAC7B}.Debug|x86.ActiveCfg = Debug|Any CPU
		{A1AB3016-F2F4-4C41-AAEB-846EE76EAC7B}.Debug|x86.Build.0 = Debug|Any CPU
		{A1AB3016-F2F4-4C41-AAEB-846EE76EAC7B}.Release|Any CPU.ActiveCfg = Release|Any CPU
		{A1AB3016-F2F4-4C41-AAEB-846EE76EAC7B}.Release|Any CPU.Build.0 = Release|Any CPU
		{A1AB3016-F2F4-4C41-AAEB-846EE76EAC7B}.Release|x86.ActiveCfg = Release|Any CPU
		{A1AB3016-F2F4-4C41-AAEB-846EE76EAC7B}.Release|x86.Build.0 = Release|Any CPU
		{F72F1218-F74E-40A4-978B-44F5DE4AE95C}.Debug|Any CPU.ActiveCfg = Debug|Any CPU
		{F72F1218-F74E-40A4-978B-44F5DE4AE95C}.Debug|Any CPU.Build.0 = Debug|Any CPU
		{F72F1218-F74E-40A4-978B-44F5DE4AE95C}.Debug|x86.ActiveCfg = Debug|Any CPU
		{F72F1218-F74E-40A4-978B-44F5DE4AE95C}.Debug|x86.Build.0 = Debug|Any CPU
		{F72F1218-F74E-40A4-978B-44F5DE4AE95C}.Release|Any CPU.ActiveCfg = Release|Any CPU
		{F72F1218-F74E-40A4-978B-44F5DE4AE95C}.Release|Any CPU.Build.0 = Release|Any CPU
		{F72F1218-F74E-40A4-978B-44F5DE4AE95C}.Release|x86.ActiveCfg = Release|Any CPU
		{F72F1218-F74E-40A4-978B-44F5DE4AE95C}.Release|x86.Build.0 = Release|Any CPU
		{885A5409-F362-44DF-991D-26394A63831C}.Debug|Any CPU.ActiveCfg = Debug|Any CPU
		{885A5409-F362-44DF-991D-26394A63831C}.Debug|Any CPU.Build.0 = Debug|Any CPU
		{885A5409-F362-44DF-991D-26394A63831C}.Debug|x86.ActiveCfg = Debug|Any CPU
		{885A5409-F362-44DF-991D-26394A63831C}.Debug|x86.Build.0 = Debug|Any CPU
		{885A5409-F362-44DF-991D-26394A63831C}.Release|Any CPU.ActiveCfg = Release|Any CPU
		{885A5409-F362-44DF-991D-26394A63831C}.Release|Any CPU.Build.0 = Release|Any CPU
		{885A5409-F362-44DF-991D-26394A63831C}.Release|x86.ActiveCfg = Release|Any CPU
		{885A5409-F362-44DF-991D-26394A63831C}.Release|x86.Build.0 = Release|Any CPU
		{012D6599-F926-4445-821B-B27A883A0990}.Debug|Any CPU.ActiveCfg = Debug|Any CPU
		{012D6599-F926-4445-821B-B27A883A0990}.Debug|Any CPU.Build.0 = Debug|Any CPU
		{012D6599-F926-4445-821B-B27A883A0990}.Debug|x86.ActiveCfg = Debug|Any CPU
		{012D6599-F926-4445-821B-B27A883A0990}.Debug|x86.Build.0 = Debug|Any CPU
		{012D6599-F926-4445-821B-B27A883A0990}.Release|Any CPU.ActiveCfg = Release|Any CPU
		{012D6599-F926-4445-821B-B27A883A0990}.Release|Any CPU.Build.0 = Release|Any CPU
		{012D6599-F926-4445-821B-B27A883A0990}.Release|x86.ActiveCfg = Release|Any CPU
		{012D6599-F926-4445-821B-B27A883A0990}.Release|x86.Build.0 = Release|Any CPU
		{343D0248-5566-4890-9AAD-EA3AA463B049}.Debug|Any CPU.ActiveCfg = Debug|Any CPU
		{343D0248-5566-4890-9AAD-EA3AA463B049}.Debug|Any CPU.Build.0 = Debug|Any CPU
		{343D0248-5566-4890-9AAD-EA3AA463B049}.Debug|x86.ActiveCfg = Debug|Any CPU
		{343D0248-5566-4890-9AAD-EA3AA463B049}.Debug|x86.Build.0 = Debug|Any CPU
		{343D0248-5566-4890-9AAD-EA3AA463B049}.Release|Any CPU.ActiveCfg = Release|Any CPU
		{343D0248-5566-4890-9AAD-EA3AA463B049}.Release|Any CPU.Build.0 = Release|Any CPU
		{343D0248-5566-4890-9AAD-EA3AA463B049}.Release|x86.ActiveCfg = Release|Any CPU
		{343D0248-5566-4890-9AAD-EA3AA463B049}.Release|x86.Build.0 = Release|Any CPU
		{AA4F8409-90E8-4C0A-BEB4-43C8DCABF5AA}.Debug|Any CPU.ActiveCfg = Debug|Any CPU
		{AA4F8409-90E8-4C0A-BEB4-43C8DCABF5AA}.Debug|Any CPU.Build.0 = Debug|Any CPU
		{AA4F8409-90E8-4C0A-BEB4-43C8DCABF5AA}.Debug|x86.ActiveCfg = Debug|Any CPU
		{AA4F8409-90E8-4C0A-BEB4-43C8DCABF5AA}.Debug|x86.Build.0 = Debug|Any CPU
		{AA4F8409-90E8-4C0A-BEB4-43C8DCABF5AA}.Release|Any CPU.ActiveCfg = Release|Any CPU
		{AA4F8409-90E8-4C0A-BEB4-43C8DCABF5AA}.Release|Any CPU.Build.0 = Release|Any CPU
		{AA4F8409-90E8-4C0A-BEB4-43C8DCABF5AA}.Release|x86.ActiveCfg = Release|Any CPU
		{AA4F8409-90E8-4C0A-BEB4-43C8DCABF5AA}.Release|x86.Build.0 = Release|Any CPU
		{692A1F3B-56D3-40AE-8B29-30B4CA74DDDF}.Debug|Any CPU.ActiveCfg = Debug|Any CPU
		{692A1F3B-56D3-40AE-8B29-30B4CA74DDDF}.Debug|Any CPU.Build.0 = Debug|Any CPU
		{692A1F3B-56D3-40AE-8B29-30B4CA74DDDF}.Debug|x86.ActiveCfg = Debug|Any CPU
		{692A1F3B-56D3-40AE-8B29-30B4CA74DDDF}.Debug|x86.Build.0 = Debug|Any CPU
		{692A1F3B-56D3-40AE-8B29-30B4CA74DDDF}.Release|Any CPU.ActiveCfg = Release|Any CPU
		{692A1F3B-56D3-40AE-8B29-30B4CA74DDDF}.Release|Any CPU.Build.0 = Release|Any CPU
		{692A1F3B-56D3-40AE-8B29-30B4CA74DDDF}.Release|x86.ActiveCfg = Release|Any CPU
		{692A1F3B-56D3-40AE-8B29-30B4CA74DDDF}.Release|x86.Build.0 = Release|Any CPU
	EndGlobalSection
	GlobalSection(SolutionProperties) = preSolution
		HideSolutionNode = FALSE
	EndGlobalSection
	GlobalSection(NestedProjects) = preSolution
		{1F4F4345-7230-4CBF-83ED-CA85BA1D9180} = {24074F10-4236-46EF-983C-A3D79B648F7D}
		{73720F54-E132-48D4-BF9C-27C954453F36} = {24074F10-4236-46EF-983C-A3D79B648F7D}
		{349E9794-679C-4096-B0FA-1DEB94AACF6F} = {24074F10-4236-46EF-983C-A3D79B648F7D}
		{225D2C0B-E6B8-4489-ADB1-EE66CAC583DC} = {24074F10-4236-46EF-983C-A3D79B648F7D}
		{A1AB3016-F2F4-4C41-AAEB-846EE76EAC7B} = {E2386DBF-CB83-4F5E-AF51-2098CC983EC7}
		{F72F1218-F74E-40A4-978B-44F5DE4AE95C} = {8DCFF3A2-7F37-413F-A17A-E694CDE3C967}
		{885A5409-F362-44DF-991D-26394A63831C} = {283ED04E-7DBE-4671-8404-1885CE9468A6}
		{012D6599-F926-4445-821B-B27A883A0990} = {34FA1CAE-3235-4C8C-9637-8DBAACD120B8}
		{343D0248-5566-4890-9AAD-EA3AA463B049} = {73FA63BF-D352-4D77-8E94-43404793EB54}
		{AA4F8409-90E8-4C0A-BEB4-43C8DCABF5AA} = {86591302-9A0E-49C4-A8ED-AF05F9D66DE2}
		{692A1F3B-56D3-40AE-8B29-30B4CA74DDDF} = {23E19593-E82F-44A8-ACA6-F6ACD069AC87}
	EndGlobalSection
EndGlobal
